
Microsoft Visual Studio Solution File, Format Version 12.00
# Visual Studio Version 17
VisualStudioVersion = 17.5.002.0
MinimumVisualStudioVersion = 10.0.40219.1
Project("{9A19103F-16F7-4668-BE54-9A1E7A4F7556}") = "zadacha1", "zadacha1\zadacha1.csproj", "{BBCC5F8E-EC63-4EBA-84DC-9FE9ED548B58}"
EndProject
Global
	GlobalSection(SolutionConfigurationPlatforms) = preSolution
		Debug|Any CPU = Debug|Any CPU
		Release|Any CPU = Release|Any CPU
	EndGlobalSection
	GlobalSection(ProjectConfigurationPlatforms) = postSolution
		{BBCC5F8E-EC63-4EBA-84DC-9FE9ED548B58}.Debug|Any CPU.ActiveCfg = Debug|Any CPU
		{BBCC5F8E-EC63-4EBA-84DC-9FE9ED548B58}.Debug|Any CPU.Build.0 = Debug|Any CPU
		{BBCC5F8E-EC63-4EBA-84DC-9FE9ED548B58}.Release|Any CPU.ActiveCfg = Release|Any CPU
		{BBCC5F8E-EC63-4EBA-84DC-9FE9ED548B58}.Release|Any CPU.Build.0 = Release|Any CPU
	EndGlobalSection
	GlobalSection(SolutionProperties) = preSolution
		HideSolutionNode = FALSE
	EndGlobalSection
	GlobalSection(ExtensibilityGlobals) = postSolution
		SolutionGuid = {827DA341-4A90-477D-859C-B6D9063E0564}
	EndGlobalSection
EndGlobal
